
Microsoft Visual Studio Solution File, Format Version 12.00
# Visual Studio Version 16
VisualStudioVersion = 16.0.29411.108
MinimumVisualStudioVersion = 10.0.40219.1
Project("{F184B08F-C81C-45F6-A57F-5ABD9991F28F}") = "Paint", "Paint\Paint.vbproj", "{D1DC668A-BB44-4E22-9ADB-F2DC369E954D}"
EndProject
Global
	GlobalSection(SolutionConfigurationPlatforms) = preSolution
		Debug|Any CPU = Debug|Any CPU
		Release|Any CPU = Release|Any CPU
	EndGlobalSection
	GlobalSection(ProjectConfigurationPlatforms) = postSolution
		{D1DC668A-BB44-4E22-9ADB-F2DC369E954D}.Debug|Any CPU.ActiveCfg = Debug|Any CPU
		{D1DC668A-BB44-4E22-9ADB-F2DC369E954D}.Debug|Any CPU.Build.0 = Debug|Any CPU
		{D1DC668A-BB44-4E22-9ADB-F2DC369E954D}.Release|Any CPU.ActiveCfg = Release|Any CPU
		{D1DC668A-BB44-4E22-9ADB-F2DC369E954D}.Release|Any CPU.Build.0 = Release|Any CPU
	EndGlobalSection
	GlobalSection(SolutionProperties) = preSolution
		HideSolutionNode = FALSE
	EndGlobalSection
	GlobalSection(ExtensibilityGlobals) = postSolution
		SolutionGuid = {A27C46C8-EACC-4564-BB34-8EACCBF6FDA5}
	EndGlobalSection
EndGlobal
